{
  "name": "codeclimate-ember-template-lint",
  "version": "0.0.1",
  "dependencies": {
    "ember-template-lint": {
      "version": "0.5.15",
      "from": "ember-template-lint@latest",
      "resolved": "https://registry.npmjs.org/ember-template-lint/-/ember-template-lint-0.5.15.tgz",
      "dependencies": {
        "chalk": {
          "version": "1.1.3",
          "from": "chalk@>=1.1.3 <2.0.0",
          "resolved": "https://registry.npmjs.org/chalk/-/chalk-1.1.3.tgz",
          "dependencies": {
            "ansi-styles": {
              "version": "2.2.1",
              "from": "ansi-styles@>=2.2.1 <3.0.0",
              "resolved": "https://registry.npmjs.org/ansi-styles/-/ansi-styles-2.2.1.tgz"
            },
            "escape-string-regexp": {
              "version": "1.0.5",
              "from": "escape-string-regexp@>=1.0.2 <2.0.0",
              "resolved": "https://registry.npmjs.org/escape-string-regexp/-/escape-string-regexp-1.0.5.tgz"
            },
            "has-ansi": {
              "version": "2.0.0",
              "from": "has-ansi@>=2.0.0 <3.0.0",
              "resolved": "https://registry.npmjs.org/has-ansi/-/has-ansi-2.0.0.tgz",
              "dependencies": {
                "ansi-regex": {
                  "version": "2.0.0",
                  "from": "ansi-regex@>=2.0.0 <3.0.0",
                  "resolved": "https://registry.npmjs.org/ansi-regex/-/ansi-regex-2.0.0.tgz"
                }
              }
            },
            "strip-ansi": {
              "version": "3.0.1",
              "from": "strip-ansi@>=3.0.0 <4.0.0",
              "resolved": "https://registry.npmjs.org/strip-ansi/-/strip-ansi-3.0.1.tgz",
              "dependencies": {
                "ansi-regex": {
                  "version": "2.0.0",
                  "from": "ansi-regex@>=2.0.0 <3.0.0",
                  "resolved": "https://registry.npmjs.org/ansi-regex/-/ansi-regex-2.0.0.tgz"
                }
              }
            },
            "supports-color": {
              "version": "2.0.0",
              "from": "supports-color@>=2.0.0 <3.0.0",
              "resolved": "https://registry.npmjs.org/supports-color/-/supports-color-2.0.0.tgz"
            }
          }
        },
        "exists-sync": {
          "version": "0.0.3",
          "from": "exists-sync@0.0.3",
          "resolved": "https://registry.npmjs.org/exists-sync/-/exists-sync-0.0.3.tgz"
        },
        "htmlbars": {
          "version": "0.14.24",
          "from": "htmlbars@0.14.24",
          "resolved": "https://registry.npmjs.org/htmlbars/-/htmlbars-0.14.24.tgz"
        },
        "lodash": {
          "version": "4.15.0",
          "from": "lodash@>=4.11.1 <5.0.0",
          "resolved": "https://registry.npmjs.org/lodash/-/lodash-4.15.0.tgz"
        }
      }
    }
  }
}
